
Microsoft Visual Studio Solution File, Format Version 12.00
# Visual Studio 2012
Project("{FAE04EC0-301F-11D3-BF4B-00C04F79EFBC}") = "DurakAI", "DurakIA\DurakAI.csproj", "{BD02EF57-41E8-43B3-ACB9-7898EED1EA86}"
EndProject
Global
	GlobalSection(SolutionConfigurationPlatforms) = preSolution
		Debug|Any CPU = Debug|Any CPU
		Release|Any CPU = Release|Any CPU
	EndGlobalSection
	GlobalSection(ProjectConfigurationPlatforms) = postSolution
		{BD02EF57-41E8-43B3-ACB9-7898EED1EA86}.Debug|Any CPU.ActiveCfg = Debug|Any CPU
		{BD02EF57-41E8-43B3-ACB9-7898EED1EA86}.Debug|Any CPU.Build.0 = Debug|Any CPU
		{BD02EF57-41E8-43B3-ACB9-7898EED1EA86}.Release|Any CPU.ActiveCfg = Release|Any CPU
		{BD02EF57-41E8-43B3-ACB9-7898EED1EA86}.Release|Any CPU.Build.0 = Release|Any CPU
	EndGlobalSection
	GlobalSection(SolutionProperties) = preSolution
		HideSolutionNode = FALSE
	EndGlobalSection
EndGlobal
