
Microsoft Visual Studio Solution File, Format Version 12.00
# Visual Studio 2012
Project("{FAE04EC0-301F-11D3-BF4B-00C04F79EFBC}") = "PeterCardLibrary", "CardProjectLibrary\PeterCardLibrary.csproj", "{B993D13C-627A-444C-AD90-2E8DC266475D}"
EndProject
Project("{FAE04EC0-301F-11D3-BF4B-00C04F79EFBC}") = "PictureBox", "PictureBox\PictureBox.csproj", "{99EBA8FA-BA14-473A-BADD-92D430B4BCFE}"
EndProject
Project("{FAE04EC0-301F-11D3-BF4B-00C04F79EFBC}") = "DemoTester", "DemoTester\DemoTester.csproj", "{18FA5103-095E-484F-96E6-2F79B0C16D6A}"
EndProject
Global
	GlobalSection(SolutionConfigurationPlatforms) = preSolution
		Debug|Any CPU = Debug|Any CPU
		Release|Any CPU = Release|Any CPU
	EndGlobalSection
	GlobalSection(ProjectConfigurationPlatforms) = postSolution
		{B993D13C-627A-444C-AD90-2E8DC266475D}.Debug|Any CPU.ActiveCfg = Debug|Any CPU
		{B993D13C-627A-444C-AD90-2E8DC266475D}.Debug|Any CPU.Build.0 = Debug|Any CPU
		{B993D13C-627A-444C-AD90-2E8DC266475D}.Release|Any CPU.ActiveCfg = Release|Any CPU
		{B993D13C-627A-444C-AD90-2E8DC266475D}.Release|Any CPU.Build.0 = Release|Any CPU
		{99EBA8FA-BA14-473A-BADD-92D430B4BCFE}.Debug|Any CPU.ActiveCfg = Debug|Any CPU
		{99EBA8FA-BA14-473A-BADD-92D430B4BCFE}.Debug|Any CPU.Build.0 = Debug|Any CPU
		{99EBA8FA-BA14-473A-BADD-92D430B4BCFE}.Release|Any CPU.ActiveCfg = Release|Any CPU
		{99EBA8FA-BA14-473A-BADD-92D430B4BCFE}.Release|Any CPU.Build.0 = Release|Any CPU
		{18FA5103-095E-484F-96E6-2F79B0C16D6A}.Debug|Any CPU.ActiveCfg = Debug|Any CPU
		{18FA5103-095E-484F-96E6-2F79B0C16D6A}.Debug|Any CPU.Build.0 = Debug|Any CPU
		{18FA5103-095E-484F-96E6-2F79B0C16D6A}.Release|Any CPU.ActiveCfg = Release|Any CPU
		{18FA5103-095E-484F-96E6-2F79B0C16D6A}.Release|Any CPU.Build.0 = Release|Any CPU
	EndGlobalSection
	GlobalSection(SolutionProperties) = preSolution
		HideSolutionNode = FALSE
	EndGlobalSection
EndGlobal
